// !$*UTF8*$!
{
	archiveVersion = 1;
	classes = {
	};
	objectVersion = 46;
	objects = {

/* Begin PBXBuildFile section */
		2E7492FD1F5794770018A1B2 /* AppDelegate.swift in Sources */ = {isa = PBXBuildFile; fileRef = 2E7492FC1F5794770018A1B2 /* AppDelegate.swift */; };
		2E7492FF1F5794770018A1B2 /* ViewController.swift in Sources */ = {isa = PBXBuildFile; fileRef = 2E7492FE1F5794770018A1B2 /* ViewController.swift */; };
		2E7493021F5794770018A1B2 /* Main.storyboard in Resources */ = {isa = PBXBuildFile; fileRef = 2E7493001F5794770018A1B2 /* Main.storyboard */; };
		2E7493041F5794770018A1B2 /* Assets.xcassets in Resources */ = {isa = PBXBuildFile; fileRef = 2E7493031F5794770018A1B2 /* Assets.xcassets */; };
		2E7493071F5794770018A1B2 /* LaunchScreen.storyboard in Resources */ = {isa = PBXBuildFile; fileRef = 2E7493051F5794770018A1B2 /* LaunchScreen.storyboard */; };
		2E7493121F5794770018A1B2 /* userLocationTests.swift in Sources */ = {isa = PBXBuildFile; fileRef = 2E7493111F5794770018A1B2 /* userLocationTests.swift */; };
		2E74931D1F5794770018A1B2 /* userLocationUITests.swift in Sources */ = {isa = PBXBuildFile; fileRef = 2E74931C1F5794770018A1B2 /* userLocationUITests.swift */; };
		2E74932C1F5794830018A1B2 /* CoreLocation.framework in Frameworks */ = {isa = PBXBuildFile; fileRef = 2E74932B1F5794830018A1B2 /* CoreLocation.framework */; };
/* End PBXBuildFile section */

/* Begin PBXContainerItemProxy section */
		2E74930E1F5794770018A1B2 /* PBXContainerItemProxy */ = {
			isa = PBXContainerItemProxy;
			containerPortal = 2E7492F11F5794770018A1B2 /* Project object */;
			proxyType = 1;
			remoteGlobalIDString = 2E7492F81F5794770018A1B2;
			remoteInfo = userLocation;
		};
		2E7493191F5794770018A1B2 /* PBXContainerItemProxy */ = {
			isa = PBXContainerItemProxy;
			containerPortal = 2E7492F11F5794770018A1B2 /* Project object */;
			proxyType = 1;
			remoteGlobalIDString = 2E7492F81F5794770018A1B2;
			remoteInfo = userLocation;
		};
/* End PBXContainerItemProxy section */

/* Begin PBXFileReference section */
		2E7492F91F5794770018A1B2 /* userLocation.app */ = {isa = PBXFileReference; explicitFileType = wrapper.application; includeInIndex = 0; path = userLocation.app; sourceTree = BUILT_PRODUCTS_DIR; };
		2E7492FC1F5794770018A1B2 /* AppDelegate.swift */ = {isa = PBXFileReference; lastKnownFileType = sourcecode.swift; path = AppDelegate.swift; sourceTree = "<group>"; };
		2E7492FE1F5794770018A1B2 /* ViewController.swift */ = {isa = PBXFileReference; lastKnownFileType = sourcecode.swift; path = ViewController.swift; sourceTree = "<group>"; };
		2E7493011F5794770018A1B2 /* Base */ = {isa = PBXFileReference; lastKnownFileType = file.storyboard; name = Base; path = Base.lproj/Main.storyboard; sourceTree = "<group>"; };
		2E7493031F5794770018A1B2 /* Assets.xcassets */ = {isa = PBXFileReference; lastKnownFileType = folder.assetcatalog; path = Assets.xcassets; sourceTree = "<group>"; };
		2E7493061F5794770018A1B2 /* Base */ = {isa = PBXFileReference; lastKnownFileType = file.storyboard; name = Base; path = Base.lproj/LaunchScreen.storyboard; sourceTree = "<group>"; };
		2E7493081F5794770018A1B2 /* Info.plist */ = {isa = PBXFileReference; lastKnownFileType = text.plist.xml; path = Info.plist; sourceTree = "<group>"; };
		2E74930D1F5794770018A1B2 /* userLocationTests.xctest */ = {isa = PBXFileReference; explicitFileType = wrapper.cfbundle; includeInIndex = 0; path = userLocationTests.xctest; sourceTree = BUILT_PRODUCTS_DIR; };
		2E7493111F5794770018A1B2 /* userLocationTests.swift */ = {isa = PBXFileReference; lastKnownFileType = sourcecode.swift; path = userLocationTests.swift; sourceTree = "<group>"; };
		2E7493131F5794770018A1B2 /* Info.plist */ = {isa = PBXFileReference; lastKnownFileType = text.plist.xml; path = Info.plist; sourceTree = "<group>"; };
		2E7493181F5794770018A1B2 /* userLocationUITests.xctest */ = {isa = PBXFileReference; explicitFileType = wrapper.cfbundle; includeInIndex = 0; path = userLocationUITests.xctest; sourceTree = BUILT_PRODUCTS_DIR; };
		2E74931C1F5794770018A1B2 /* userLocationUITests.swift */ = {isa = PBXFileReference; lastKnownFileType = sourcecode.swift; path = userLocationUITests.swift; sourceTree = "<group>"; };
		2E74931E1F5794770018A1B2 /* Info.plist */ = {isa = PBXFileReference; lastKnownFileType = text.plist.xml; path = Info.plist; sourceTree = "<group>"; };
		2E74932B1F5794830018A1B2 /* CoreLocation.framework */ = {isa = PBXFileReference; lastKnownFileType = wrapper.framework; name = CoreLocation.framework; path = System/Library/Frameworks/CoreLocation.framework; sourceTree = SDKROOT; };
/* End PBXFileReference section */

/* Begin PBXFrameworksBuildPhase section */
		2E7492F61F5794770018A1B2 /* Frameworks */ = {
			isa = PBXFrameworksBuildPhase;
			buildActionMask = 2147483647;
			files = (
				2E74932C1F5794830018A1B2 /* CoreLocation.framework in Frameworks */,
			);
			runOnlyForDeploymentPostprocessing = 0;
		};
		2E74930A1F5794770018A1B2 /* Frameworks */ = {
			isa = PBXFrameworksBuildPhase;
			buildActionMask = 2147483647;
			files = (
			);
			runOnlyForDeploymentPostprocessing = 0;
		};
		2E7493151F5794770018A1B2 /* Frameworks */ = {
			isa = PBXFrameworksBuildPhase;
			buildActionMask = 2147483647;
			files = (
			);
			runOnlyForDeploymentPostprocessing = 0;
		};
/* End PBXFrameworksBuildPhase section */

/* Begin PBXGroup section */
		2E7492F01F5794770018A1B2 = {
			isa = PBXGroup;
			children = (
				2E7492FB1F5794770018A1B2 /* userLocation */,
				2E7493101F5794770018A1B2 /* userLocationTests */,
				2E74931B1F5794770018A1B2 /* userLocationUITests */,
				2E7492FA1F5794770018A1B2 /* Products */,
				2E74932A1F5794830018A1B2 /* Frameworks */,
			);
			sourceTree = "<group>";
		};
		2E7492FA1F5794770018A1B2 /* Products */ = {
			isa = PBXGroup;
			children = (
				2E7492F91F5794770018A1B2 /* userLocation.app */,
				2E74930D1F5794770018A1B2 /* userLocationTests.xctest */,
				2E7493181F5794770018A1B2 /* userLocationUITests.xctest */,
			);
			name = Products;
			sourceTree = "<group>";
		};
		2E7492FB1F5794770018A1B2 /* userLocation */ = {
			isa = PBXGroup;
			children = (
				2E7492FC1F5794770018A1B2 /* AppDelegate.swift */,
				2E7492FE1F5794770018A1B2 /* ViewController.swift */,
				2E7493001F5794770018A1B2 /* Main.storyboard */,
				2E7493031F5794770018A1B2 /* Assets.xcassets */,
				2E7493051F5794770018A1B2 /* LaunchScreen.storyboard */,
				2E7493081F5794770018A1B2 /* Info.plist */,
			);
			path = userLocation;
			sourceTree = "<group>";
		};
		2E7493101F5794770018A1B2 /* userLocationTests */ = {
			isa = PBXGroup;
			children = (
				2E7493111F5794770018A1B2 /* userLocationTests.swift */,
				2E7493131F5794770018A1B2 /* Info.plist */,
			);
			path = userLocationTests;
			sourceTree = "<group>";
		};
		2E74931B1F5794770018A1B2 /* userLocationUITests */ = {
			isa = PBXGroup;
			children = (
				2E74931C1F5794770018A1B2 /* userLocationUITests.swift */,
				2E74931E1F5794770018A1B2 /* Info.plist */,
			);
			path = userLocationUITests;
			sourceTree = "<group>";
		};
		2E74932A1F5794830018A1B2 /* Frameworks */ = {
			isa = PBXGroup;
			children = (
				2E74932B1F5794830018A1B2 /* CoreLocation.framework */,
			);
			name = Frameworks;
			sourceTree = "<group>";
		};
/* End PBXGroup section */

/* Begin PBXNativeTarget section */
		2E7492F81F5794770018A1B2 /* userLocation */ = {
			isa = PBXNativeTarget;
			buildConfigurationList = 2E7493211F5794770018A1B2 /* Build configuration list for PBXNativeTarget "userLocation" */;
			buildPhases = (
				2E7492F51F5794770018A1B2 /* Sources */,
				2E7492F61F5794770018A1B2 /* Frameworks */,
				2E7492F71F5794770018A1B2 /* Resources */,
			);
			buildRules = (
			);
			dependencies = (
			);
			name = userLocation;
			productName = userLocation;
			productReference = 2E7492F91F5794770018A1B2 /* userLocation.app */;
			productType = "com.apple.product-type.application";
		};
		2E74930C1F5794770018A1B2 /* userLocationTests */ = {
			isa = PBXNativeTarget;
			buildConfigurationList = 2E7493241F5794770018A1B2 /* Build configuration list for PBXNativeTarget "userLocationTests" */;
			buildPhases = (
				2E7493091F5794770018A1B2 /* Sources */,
				2E74930A1F5794770018A1B2 /* Frameworks */,
				2E74930B1F5794770018A1B2 /* Resources */,
			);
			buildRules = (
			);
			dependencies = (
				2E74930F1F5794770018A1B2 /* PBXTargetDependency */,
			);
			name = userLocationTests;
			productName = userLocationTests;
			productReference = 2E74930D1F5794770018A1B2 /* userLocationTests.xctest */;
			productType = "com.apple.product-type.bundle.unit-test";
		};
		2E7493171F5794770018A1B2 /* userLocationUITests */ = {
			isa = PBXNativeTarget;
			buildConfigurationList = 2E7493271F5794770018A1B2 /* Build configuration list for PBXNativeTarget "userLocationUITests" */;
			buildPhases = (
				2E7493141F5794770018A1B2 /* Sources */,
				2E7493151F5794770018A1B2 /* Frameworks */,
				2E7493161F5794770018A1B2 /* Resources */,
			);
			buildRules = (
			);
			dependencies = (
				2E74931A1F5794770018A1B2 /* PBXTargetDependency */,
			);
			name = userLocationUITests;
			productName = userLocationUITests;
			productReference = 2E7493181F5794770018A1B2 /* userLocationUITests.xctest */;
			productType = "com.apple.product-type.bundle.ui-testing";
		};
/* End PBXNativeTarget section */

/* Begin PBXProject section */
		2E7492F11F5794770018A1B2 /* Project object */ = {
			isa = PBXProject;
			attributes = {
				LastSwiftUpdateCheck = 0830;
				LastUpgradeCheck = 0830;
				ORGANIZATIONNAME = CodeGirl;
				TargetAttributes = {
					2E7492F81F5794770018A1B2 = {
						CreatedOnToolsVersion = 8.3.3;
						DevelopmentTeam = 57U8E5WCTT;
						ProvisioningStyle = Automatic;
					};
					2E74930C1F5794770018A1B2 = {
						CreatedOnToolsVersion = 8.3.3;
						DevelopmentTeam = 57U8E5WCTT;
						ProvisioningStyle = Automatic;
						TestTargetID = 2E7492F81F5794770018A1B2;
					};
					2E7493171F5794770018A1B2 = {
						CreatedOnToolsVersion = 8.3.3;
						DevelopmentTeam = 57U8E5WCTT;
						ProvisioningStyle = Automatic;
						TestTargetID = 2E7492F81F5794770018A1B2;
					};
				};
			};
			buildConfigurationList = 2E7492F41F5794770018A1B2 /* Build configuration list for PBXProject "userLocation" */;
			compatibilityVersion = "Xcode 3.2";
			developmentRegion = English;
			hasScannedForEncodings = 0;
			knownRegions = (
				en,
				Base,
			);
			mainGroup = 2E7492F01F5794770018A1B2;
			productRefGroup = 2E7492FA1F5794770018A1B2 /* Products */;
			projectDirPath = "";
			projectRoot = "";
			targets = (
				2E7492F81F5794770018A1B2 /* userLocation */,
				2E74930C1F5794770018A1B2 /* userLocationTests */,
				2E7493171F5794770018A1B2 /* userLocationUITests */,
			);
		};
/* End PBXProject section */

/* Begin PBXResourcesBuildPhase section */
		2E7492F71F5794770018A1B2 /* Resources */ = {
			isa = PBXResourcesBuildPhase;
			buildActionMask = 2147483647;
			files = (
				2E7493071F5794770018A1B2 /* LaunchScreen.storyboard in Resources */,
				2E7493041F5794770018A1B2 /* Assets.xcassets in Resources */,
				2E7493021F5794770018A1B2 /* Main.storyboard in Resources */,
			);
			runOnlyForDeploymentPostprocessing = 0;
		};
		2E74930B1F5794770018A1B2 /* Resources */ = {
			isa = PBXResourcesBuildPhase;
			buildActionMask = 2147483647;
			files = (
			);
			runOnlyForDeploymentPostprocessing = 0;
		};
		2E7493161F5794770018A1B2 /* Resources */ = {
			isa = PBXResourcesBuildPhase;
			buildActionMask = 2147483647;
			files = (
			);
			runOnlyForDeploymentPostprocessing = 0;
		};
/* End PBXResourcesBuildPhase section */

/* Begin PBXSourcesBuildPhase section */
		2E7492F51F5794770018A1B2 /* Sources */ = {
			isa = PBXSourcesBuildPhase;
			buildActionMask = 2147483647;
			files = (
				2E7492FF1F5794770018A1B2 /* ViewController.swift in Sources */,
				2E7492FD1F5794770018A1B2 /* AppDelegate.swift in Sources */,
			);
			runOnlyForDeploymentPostprocessing = 0;
		};
		2E7493091F5794770018A1B2 /* Sources */ = {
			isa = PBXSourcesBuildPhase;
			buildActionMask = 2147483647;
			files = (
				2E7493121F5794770018A1B2 /* userLocationTests.swift in Sources */,
			);
			runOnlyForDeploymentPostprocessing = 0;
		};
		2E7493141F5794770018A1B2 /* Sources */ = {
			isa = PBXSourcesBuildPhase;
			buildActionMask = 2147483647;
			files = (
				2E74931D1F5794770018A1B2 /* userLocationUITests.swift in Sources */,
			);
			runOnlyForDeploymentPostprocessing = 0;
		};
/* End PBXSourcesBuildPhase section */

/* Begin PBXTargetDependency section */
		2E74930F1F5794770018A1B2 /* PBXTargetDependency */ = {
			isa = PBXTargetDependency;
			target = 2E7492F81F5794770018A1B2 /* userLocation */;
			targetProxy = 2E74930E1F5794770018A1B2 /* PBXContainerItemProxy */;
		};
		2E74931A1F5794770018A1B2 /* PBXTargetDependency */ = {
			isa = PBXTargetDependency;
			target = 2E7492F81F5794770018A1B2 /* userLocation */;
			targetProxy = 2E7493191F5794770018A1B2 /* PBXContainerItemProxy */;
		};
/* End PBXTargetDependency section */

/* Begin PBXVariantGroup section */
		2E7493001F5794770018A1B2 /* Main.storyboard */ = {
			isa = PBXVariantGroup;
			children = (
				2E7493011F5794770018A1B2 /* Base */,
			);
			name = Main.storyboard;
			sourceTree = "<group>";
		};
		2E7493051F5794770018A1B2 /* LaunchScreen.storyboard */ = {
			isa = PBXVariantGroup;
			children = (
				2E7493061F5794770018A1B2 /* Base */,
			);
			name = LaunchScreen.storyboard;
			sourceTree = "<group>";
		};
/* End PBXVariantGroup section */

/* Begin XCBuildConfiguration section */
		2E74931F1F5794770018A1B2 /* Debug */ = {
			isa = XCBuildConfiguration;
			buildSettings = {
				ALWAYS_SEARCH_USER_PATHS = NO;
				CLANG_ANALYZER_NONNULL = YES;
				CLANG_ANALYZER_NUMBER_OBJECT_CONVERSION = YES_AGGRESSIVE;
				CLANG_CXX_LANGUAGE_STANDARD = "gnu++0x";
				CLANG_CXX_LIBRARY = "libc++";
				CLANG_ENABLE_MODULES = YES;
				CLANG_ENABLE_OBJC_ARC = YES;
				CLANG_WARN_BOOL_CONVERSION = YES;
				CLANG_WARN_CONSTANT_CONVERSION = YES;
				CLANG_WARN_DIRECT_OBJC_ISA_USAGE = YES_ERROR;
				CLANG_WARN_DOCUMENTATION_COMMENTS = YES;
				CLANG_WARN_EMPTY_BODY = YES;
				CLANG_WARN_ENUM_CONVERSION = YES;
				CLANG_WARN_INFINITE_RECURSION = YES;
				CLANG_WARN_INT_CONVERSION = YES;
				CLANG_WARN_OBJC_ROOT_CLASS = YES_ERROR;
				CLANG_WARN_SUSPICIOUS_MOVE = YES;
				CLANG_WARN_UNREACHABLE_CODE = YES;
				CLANG_WARN__DUPLICATE_METHOD_MATCH = YES;
				"CODE_SIGN_IDENTITY[sdk=iphoneos*]" = "iPhone Developer";
				COPY_PHASE_STRIP = NO;
				DEBUG_INFORMATION_FORMAT = dwarf;
				ENABLE_STRICT_OBJC_MSGSEND = YES;
				ENABLE_TESTABILITY = YES;
				GCC_C_LANGUAGE_STANDARD = gnu99;
				GCC_DYNAMIC_NO_PIC = NO;
				GCC_NO_COMMON_BLOCKS = YES;
				GCC_OPTIMIZATION_LEVEL = 0;
				GCC_PREPROCESSOR_DEFINITIONS = (
					"DEBUG=1",
					"$(inherited)",
				);
				GCC_WARN_64_TO_32_BIT_CONVERSION = YES;
				GCC_WARN_ABOUT_RETURN_TYPE = YES_ERROR;
				GCC_WARN_UNDECLARED_SELECTOR = YES;
				GCC_WARN_UNINITIALIZED_AUTOS = YES_AGGRESSIVE;
				GCC_WARN_UNUSED_FUNCTION = YES;
				GCC_WARN_UNUSED_VARIABLE = YES;
				IPHONEOS_DEPLOYMENT_TARGET = 10.3;
				MTL_ENABLE_DEBUG_INFO = YES;
				ONLY_ACTIVE_ARCH = YES;
				SDKROOT = iphoneos;
				SWIFT_ACTIVE_COMPILATION_CONDITIONS = DEBUG;
				SWIFT_OPTIMIZATION_LEVEL = "-Onone";
				TARGETED_DEVICE_FAMILY = "1,2";
			};
			name = Debug;
		};
		2E7493201F5794770018A1B2 /* Release */ = {
			isa = XCBuildConfiguration;
			buildSettings = {
				ALWAYS_SEARCH_USER_PATHS = NO;
				CLANG_ANALYZER_NONNULL = YES;
				CLANG_ANALYZER_NUMBER_OBJECT_CONVERSION = YES_AGGRESSIVE;
				CLANG_CXX_LANGUAGE_STANDARD = "gnu++0x";
				CLANG_CXX_LIBRARY = "libc++";
				CLANG_ENABLE_MODULES = YES;
				CLANG_ENABLE_OBJC_ARC = YES;
				CLANG_WARN_BOOL_CONVERSION = YES;
				CLANG_WARN_CONSTANT_CONVERSION = YES;
				CLANG_WARN_DIRECT_OBJC_ISA_USAGE = YES_ERROR;
				CLANG_WARN_DOCUMENTATION_COMMENTS = YES;
				CLANG_WARN_EMPTY_BODY = YES;
				CLANG_WARN_ENUM_CONVERSION = YES;
				CLANG_WARN_INFINITE_RECURSION = YES;
				CLANG_WARN_INT_CONVERSION = YES;
				CLANG_WARN_OBJC_ROOT_CLASS = YES_ERROR;
				CLANG_WARN_SUSPICIOUS_MOVE = YES;
				CLANG_WARN_UNREACHABLE_CODE = YES;
				CLANG_WARN__DUPLICATE_METHOD_MATCH = YES;
				"CODE_SIGN_IDENTITY[sdk=iphoneos*]" = "iPhone Developer";
				COPY_PHASE_STRIP = NO;
				DEBUG_INFORMATION_FORMAT = "dwarf-with-dsym";
				ENABLE_NS_ASSERTIONS = NO;
				ENABLE_STRICT_OBJC_MSGSEND = YES;
				GCC_C_LANGUAGE_STANDARD = gnu99;
				GCC_NO_COMMON_BLOCKS = YES;
				GCC_WARN_64_TO_32_BIT_CONVERSION = YES;
				GCC_WARN_ABOUT_RETURN_TYPE = YES_ERROR;
				GCC_WARN_UNDECLARED_SELECTOR = YES;
				GCC_WARN_UNINITIALIZED_AUTOS = YES_AGGRESSIVE;
				GCC_WARN_UNUSED_FUNCTION = YES;
				GCC_WARN_UNUSED_VARIABLE = YES;
				IPHONEOS_DEPLOYMENT_TARGET = 10.3;
				MTL_ENABLE_DEBUG_INFO = NO;
				SDKROOT = iphoneos;
				SWIFT_OPTIMIZATION_LEVEL = "-Owholemodule";
				TARGETED_DEVICE_FAMILY = "1,2";
				VALIDATE_PRODUCT = YES;
			};
			name = Release;
		};
		2E7493221F5794770018A1B2 /* Debug */ = {
			isa = XCBuildConfiguration;
			buildSettings = {
				ASSETCATALOG_COMPILER_APPICON_NAME = AppIcon;
				DEVELOPMENT_TEAM = 57U8E5WCTT;
				INFOPLIST_FILE = userLocation/Info.plist;
				LD_RUNPATH_SEARCH_PATHS = "$(inherited) @executable_path/Frameworks";
				PRODUCT_BUNDLE_IDENTIFIER = com.codegirl.userLocation;
				PRODUCT_NAME = "$(TARGET_NAME)";
				SWIFT_VERSION = 3.0;
			};
			name = Debug;
		};
		2E7493231F5794770018A1B2 /* Release */ = {
			isa = XCBuildConfiguration;
			buildSettings = {
				ASSETCATALOG_COMPILER_APPICON_NAME = AppIcon;
				DEVELOPMENT_TEAM = 57U8E5WCTT;
				INFOPLIST_FILE = userLocation/Info.plist;
				LD_RUNPATH_SEARCH_PATHS = "$(inherited) @executable_path/Frameworks";
				PRODUCT_BUNDLE_IDENTIFIER = com.codegirl.userLocation;
				PRODUCT_NAME = "$(TARGET_NAME)";
				SWIFT_VERSION = 3.0;
			};
			name = Release;
		};
		2E7493251F5794770018A1B2 /* Debug */ = {
			isa = XCBuildConfiguration;
			buildSettings = {
				ALWAYS_EMBED_SWIFT_STANDARD_LIBRARIES = YES;
				BUNDLE_LOADER = "$(TEST_HOST)";
				DEVELOPMENT_TEAM = 57U8E5WCTT;
				INFOPLIST_FILE = userLocationTests/Info.plist;
				LD_RUNPATH_SEARCH_PATHS = "$(inherited) @executable_path/Frameworks @loader_path/Frameworks";
				PRODUCT_BUNDLE_IDENTIFIER = com.codegirl.userLocationTests;
				PRODUCT_NAME = "$(TARGET_NAME)";
				SWIFT_VERSION = 3.0;
				TEST_HOST = "$(BUILT_PRODUCTS_DIR)/userLocation.app/userLocation";
			};
			name = Debug;
		};
		2E7493261F5794770018A1B2 /* Release */ = {
			isa = XCBuildConfiguration;
			buildSettings = {
				ALWAYS_EMBED_SWIFT_STANDARD_LIBRARIES = YES;
				BUNDLE_LOADER = "$(TEST_HOST)";
				DEVELOPMENT_TEAM = 57U8E5WCTT;
				INFOPLIST_FILE = userLocationTests/Info.plist;
				LD_RUNPATH_SEARCH_PATHS = "$(inherited) @executable_path/Frameworks @loader_path/Frameworks";
				PRODUCT_BUNDLE_IDENTIFIER = com.codegirl.userLocationTests;
				PRODUCT_NAME = "$(TARGET_NAME)";
				SWIFT_VERSION = 3.0;
				TEST_HOST = "$(BUILT_PRODUCTS_DIR)/userLocation.app/userLocation";
			};
			name = Release;
		};
		2E7493281F5794770018A1B2 /* Debug */ = {
			isa = XCBuildConfiguration;
			buildSettings = {
				ALWAYS_EMBED_SWIFT_STANDARD_LIBRARIES = YES;
				DEVELOPMENT_TEAM = 57U8E5WCTT;
				INFOPLIST_FILE = userLocationUITests/Info.plist;
				LD_RUNPATH_SEARCH_PATHS = "$(inherited) @executable_path/Frameworks @loader_path/Frameworks";
				PRODUCT_BUNDLE_IDENTIFIER = com.codegirl.userLocationUITests;
				PRODUCT_NAME = "$(TARGET_NAME)";
				SWIFT_VERSION = 3.0;
				TEST_TARGET_NAME = userLocation;
			};
			name = Debug;
		};
		2E7493291F5794770018A1B2 /* Release */ = {
			isa = XCBuildConfiguration;
			buildSettings = {
				ALWAYS_EMBED_SWIFT_STANDARD_LIBRARIES = YES;
				DEVELOPMENT_TEAM = 57U8E5WCTT;
				INFOPLIST_FILE = userLocationUITests/Info.plist;
				LD_RUNPATH_SEARCH_PATHS = "$(inherited) @executable_path/Frameworks @loader_path/Frameworks";
				PRODUCT_BUNDLE_IDENTIFIER = com.codegirl.userLocationUITests;
				PRODUCT_NAME = "$(TARGET_NAME)";
				SWIFT_VERSION = 3.0;
				TEST_TARGET_NAME = userLocation;
			};
			name = Release;
		};
/* End XCBuildConfiguration section */

/* Begin XCConfigurationList section */
		2E7492F41F5794770018A1B2 /* Build configuration list for PBXProject "userLocation" */ = {
			isa = XCConfigurationList;
			buildConfigurations = (
				2E74931F1F5794770018A1B2 /* Debug */,
				2E7493201F5794770018A1B2 /* Release */,
			);
			defaultConfigurationIsVisible = 0;
			defaultConfigurationName = Release;
		};
		2E7493211F5794770018A1B2 /* Build configuration list for PBXNativeTarget "userLocation" */ = {
			isa = XCConfigurationList;
			buildConfigurations = (
				2E7493221F5794770018A1B2 /* Debug */,
				2E7493231F5794770018A1B2 /* Release */,
			);
			defaultConfigurationIsVisible = 0;
		};
		2E7493241F5794770018A1B2 /* Build configuration list for PBXNativeTarget "userLocationTests" */ = {
			isa = XCConfigurationList;
			buildConfigurations = (
				2E7493251F5794770018A1B2 /* Debug */,
				2E7493261F5794770018A1B2 /* Release */,
			);
			defaultConfigurationIsVisible = 0;
		};
		2E7493271F5794770018A1B2 /* Build configuration list for PBXNativeTarget "userLocationUITests" */ = {
			isa = XCConfigurationList;
			buildConfigurations = (
				2E7493281F5794770018A1B2 /* Debug */,
				2E7493291F5794770018A1B2 /* Release */,
			);
			defaultConfigurationIsVisible = 0;
		};
/* End XCConfigurationList section */
	};
	rootObject = 2E7492F11F5794770018A1B2 /* Project object */;
}
